
Microsoft Visual Studio Solution File, Format Version 12.00
# Visual Studio Version 17
VisualStudioVersion = 17.2.32616.157
MinimumVisualStudioVersion = 10.0.40219.1
Project("{FAE04EC0-301F-11D3-BF4B-00C04F79EFBC}") = "CRUD2B", "CRUD2B\CRUD2B.csproj", "{3E482A05-D363-40D9-BB92-53BFC135836E}"
EndProject
Global
	GlobalSection(SolutionConfigurationPlatforms) = preSolution
		Debug|Any CPU = Debug|Any CPU
		Release|Any CPU = Release|Any CPU
	EndGlobalSection
	GlobalSection(ProjectConfigurationPlatforms) = postSolution
		{3E482A05-D363-40D9-BB92-53BFC135836E}.Debug|Any CPU.ActiveCfg = Debug|Any CPU
		{3E482A05-D363-40D9-BB92-53BFC135836E}.Debug|Any CPU.Build.0 = Debug|Any CPU
		{3E482A05-D363-40D9-BB92-53BFC135836E}.Release|Any CPU.ActiveCfg = Release|Any CPU
		{3E482A05-D363-40D9-BB92-53BFC135836E}.Release|Any CPU.Build.0 = Release|Any CPU
	EndGlobalSection
	GlobalSection(SolutionProperties) = preSolution
		HideSolutionNode = FALSE
	EndGlobalSection
	GlobalSection(ExtensibilityGlobals) = postSolution
		SolutionGuid = {EB2C5A80-4E3A-4F85-8459-922879DC8F3E}
	EndGlobalSection
EndGlobal
