
Microsoft Visual Studio Solution File, Format Version 12.00
# Visual Studio Version 17
VisualStudioVersion = 17.2.32616.157
MinimumVisualStudioVersion = 10.0.40219.1
Project("{FAE04EC0-301F-11D3-BF4B-00C04F79EFBC}") = "CRUD2B", "CRUD2B\CRUD2B.csproj", "{557BC2F0-6DB7-477E-BC2D-CD6A6E1D31BB}"
EndProject
Global
	GlobalSection(SolutionConfigurationPlatforms) = preSolution
		Debug|Any CPU = Debug|Any CPU
		Release|Any CPU = Release|Any CPU
	EndGlobalSection
	GlobalSection(ProjectConfigurationPlatforms) = postSolution
		{557BC2F0-6DB7-477E-BC2D-CD6A6E1D31BB}.Debug|Any CPU.ActiveCfg = Debug|Any CPU
		{557BC2F0-6DB7-477E-BC2D-CD6A6E1D31BB}.Debug|Any CPU.Build.0 = Debug|Any CPU
		{557BC2F0-6DB7-477E-BC2D-CD6A6E1D31BB}.Release|Any CPU.ActiveCfg = Release|Any CPU
		{557BC2F0-6DB7-477E-BC2D-CD6A6E1D31BB}.Release|Any CPU.Build.0 = Release|Any CPU
	EndGlobalSection
	GlobalSection(SolutionProperties) = preSolution
		HideSolutionNode = FALSE
	EndGlobalSection
	GlobalSection(ExtensibilityGlobals) = postSolution
		SolutionGuid = {00BA6CD3-23D1-4748-B4EC-5170650B8E52}
	EndGlobalSection
EndGlobal
